// !$*UTF8*$!
{
	archiveVersion = 1;
	classes = {
	};
	objectVersion = 48;
	objects = {

/* Begin PBXBuildFile section */
		049374E8204ECA0700735190 /* AppDelegate.m in Sources */ = {isa = PBXBuildFile; fileRef = 049374E7204ECA0700735190 /* AppDelegate.m */; };
		049374EB204ECA0700735190 /* ViewController.m in Sources */ = {isa = PBXBuildFile; fileRef = 049374EA204ECA0700735190 /* ViewController.m */; };
		049374EE204ECA0700735190 /* Main.storyboard in Resources */ = {isa = PBXBuildFile; fileRef = 049374EC204ECA0700735190 /* Main.storyboard */; };
		049374F0204ECA0700735190 /* Assets.xcassets in Resources */ = {isa = PBXBuildFile; fileRef = 049374EF204ECA0700735190 /* Assets.xcassets */; };
		049374F3204ECA0700735190 /* LaunchScreen.storyboard in Resources */ = {isa = PBXBuildFile; fileRef = 049374F1204ECA0700735190 /* LaunchScreen.storyboard */; };
		049374F6204ECA0700735190 /* main.m in Sources */ = {isa = PBXBuildFile; fileRef = 049374F5204ECA0700735190 /* main.m */; };
/* End PBXBuildFile section */

/* Begin PBXFileReference section */
		049374E3204ECA0600735190 /* NowUI-IOS.app */ = {isa = PBXFileReference; explicitFileType = wrapper.application; includeInIndex = 0; path = "NowUI-IOS.app"; sourceTree = BUILT_PRODUCTS_DIR; };
		049374E6204ECA0700735190 /* AppDelegate.h */ = {isa = PBXFileReference; lastKnownFileType = sourcecode.c.h; path = AppDelegate.h; sourceTree = "<group>"; };
		049374E7204ECA0700735190 /* AppDelegate.m */ = {isa = PBXFileReference; lastKnownFileType = sourcecode.c.objc; path = AppDelegate.m; sourceTree = "<group>"; };
		049374E9204ECA0700735190 /* ViewController.h */ = {isa = PBXFileReference; lastKnownFileType = sourcecode.c.h; path = ViewController.h; sourceTree = "<group>"; };
		049374EA204ECA0700735190 /* ViewController.m */ = {isa = PBXFileReference; lastKnownFileType = sourcecode.c.objc; path = ViewController.m; sourceTree = "<group>"; };
		049374ED204ECA0700735190 /* Base */ = {isa = PBXFileReference; lastKnownFileType = file.storyboard; name = Base; path = Base.lproj/Main.storyboard; sourceTree = "<group>"; };
		049374EF204ECA0700735190 /* Assets.xcassets */ = {isa = PBXFileReference; lastKnownFileType = folder.assetcatalog; path = Assets.xcassets; sourceTree = "<group>"; };
		049374F2204ECA0700735190 /* Base */ = {isa = PBXFileReference; lastKnownFileType = file.storyboard; name = Base; path = Base.lproj/LaunchScreen.storyboard; sourceTree = "<group>"; };
		049374F4204ECA0700735190 /* Info.plist */ = {isa = PBXFileReference; lastKnownFileType = text.plist.xml; path = Info.plist; sourceTree = "<group>"; };
		049374F5204ECA0700735190 /* main.m */ = {isa = PBXFileReference; lastKnownFileType = sourcecode.c.objc; path = main.m; sourceTree = "<group>"; };
/* End PBXFileReference section */

/* Begin PBXFrameworksBuildPhase section */
		049374E0204ECA0600735190 /* Frameworks */ = {
			isa = PBXFrameworksBuildPhase;
			buildActionMask = 2147483647;
			files = (
			);
			runOnlyForDeploymentPostprocessing = 0;
		};
/* End PBXFrameworksBuildPhase section */

/* Begin PBXGroup section */
		049374DA204ECA0600735190 = {
			isa = PBXGroup;
			children = (
				049374E5204ECA0600735190 /* NowUI-IOS */,
				049374E4204ECA0600735190 /* Products */,
			);
			sourceTree = "<group>";
		};
		049374E4204ECA0600735190 /* Products */ = {
			isa = PBXGroup;
			children = (
				049374E3204ECA0600735190 /* NowUI-IOS.app */,
			);
			name = Products;
			sourceTree = "<group>";
		};
		049374E5204ECA0600735190 /* NowUI-IOS */ = {
			isa = PBXGroup;
			children = (
				049374E6204ECA0700735190 /* AppDelegate.h */,
				049374E7204ECA0700735190 /* AppDelegate.m */,
				049374E9204ECA0700735190 /* ViewController.h */,
				049374EA204ECA0700735190 /* ViewController.m */,
				049374EC204ECA0700735190 /* Main.storyboard */,
				049374EF204ECA0700735190 /* Assets.xcassets */,
				049374F1204ECA0700735190 /* LaunchScreen.storyboard */,
				049374F4204ECA0700735190 /* Info.plist */,
				049374F5204ECA0700735190 /* main.m */,
			);
			path = "NowUI-IOS";
			sourceTree = "<group>";
		};
/* End PBXGroup section */

/* Begin PBXNativeTarget section */
		049374E2204ECA0600735190 /* NowUI-IOS */ = {
			isa = PBXNativeTarget;
			buildConfigurationList = 049374F9204ECA0700735190 /* Build configuration list for PBXNativeTarget "NowUI-IOS" */;
			buildPhases = (
				049374DF204ECA0600735190 /* Sources */,
				049374E0204ECA0600735190 /* Frameworks */,
				049374E1204ECA0600735190 /* Resources */,
			);
			buildRules = (
			);
			dependencies = (
			);
			name = "NowUI-IOS";
			productName = "NowUI-IOS";
			productReference = 049374E3204ECA0600735190 /* NowUI-IOS.app */;
			productType = "com.apple.product-type.application";
		};
/* End PBXNativeTarget section */

/* Begin PBXProject section */
		049374DB204ECA0600735190 /* Project object */ = {
			isa = PBXProject;
			attributes = {
				LastUpgradeCheck = 0920;
				ORGANIZATIONNAME = zhongyongqiang;
				TargetAttributes = {
					049374E2204ECA0600735190 = {
						CreatedOnToolsVersion = 9.2;
						ProvisioningStyle = Automatic;
					};
				};
			};
			buildConfigurationList = 049374DE204ECA0600735190 /* Build configuration list for PBXProject "NowUI-IOS" */;
			compatibilityVersion = "Xcode 8.0";
			developmentRegion = en;
			hasScannedForEncodings = 0;
			knownRegions = (
				en,
				Base,
			);
			mainGroup = 049374DA204ECA0600735190;
			productRefGroup = 049374E4204ECA0600735190 /* Products */;
			projectDirPath = "";
			projectRoot = "";
			targets = (
				049374E2204ECA0600735190 /* NowUI-IOS */,
			);
		};
/* End PBXProject section */

/* Begin PBXResourcesBuildPhase section */
		049374E1204ECA0600735190 /* Resources */ = {
			isa = PBXResourcesBuildPhase;
			buildActionMask = 2147483647;
			files = (
				049374F3204ECA0700735190 /* LaunchScreen.storyboard in Resources */,
				049374F0204ECA0700735190 /* Assets.xcassets in Resources */,
				049374EE204ECA0700735190 /* Main.storyboard in Resources */,
			);
			runOnlyForDeploymentPostprocessing = 0;
		};
/* End PBXResourcesBuildPhase section */

/* Begin PBXSourcesBuildPhase section */
		049374DF204ECA0600735190 /* Sources */ = {
			isa = PBXSourcesBuildPhase;
			buildActionMask = 2147483647;
			files = (
				049374EB204ECA0700735190 /* ViewController.m in Sources */,
				049374F6204ECA0700735190 /* main.m in Sources */,
				049374E8204ECA0700735190 /* AppDelegate.m in Sources */,
			);
			runOnlyForDeploymentPostprocessing = 0;
		};
/* End PBXSourcesBuildPhase section */

/* Begin PBXVariantGroup section */
		049374EC204ECA0700735190 /* Main.storyboard */ = {
			isa = PBXVariantGroup;
			children = (
				049374ED204ECA0700735190 /* Base */,
			);
			name = Main.storyboard;
			sourceTree = "<group>";
		};
		049374F1204ECA0700735190 /* LaunchScreen.storyboard */ = {
			isa = PBXVariantGroup;
			children = (
				049374F2204ECA0700735190 /* Base */,
			);
			name = LaunchScreen.storyboard;
			sourceTree = "<group>";
		};
/* End PBXVariantGroup section */

/* Begin XCBuildConfiguration section */
		049374F7204ECA0700735190 /* Debug */ = {
			isa = XCBuildConfiguration;
			buildSettings = {
				ALWAYS_SEARCH_USER_PATHS = NO;
				CLANG_ANALYZER_NONNULL = YES;
				CLANG_ANALYZER_NUMBER_OBJECT_CONVERSION = YES_AGGRESSIVE;
				CLANG_CXX_LANGUAGE_STANDARD = "gnu++14";
				CLANG_CXX_LIBRARY = "libc++";
				CLANG_ENABLE_MODULES = YES;
				CLANG_ENABLE_OBJC_ARC = YES;
				CLANG_WARN_BLOCK_CAPTURE_AUTORELEASING = YES;
				CLANG_WARN_BOOL_CONVERSION = YES;
				CLANG_WARN_COMMA = YES;
				CLANG_WARN_CONSTANT_CONVERSION = YES;
				CLANG_WARN_DIRECT_OBJC_ISA_USAGE = YES_ERROR;
				CLANG_WARN_DOCUMENTATION_COMMENTS = YES;
				CLANG_WARN_EMPTY_BODY = YES;
				CLANG_WARN_ENUM_CONVERSION = YES;
				CLANG_WARN_INFINITE_RECURSION = YES;
				CLANG_WARN_INT_CONVERSION = YES;
				CLANG_WARN_NON_LITERAL_NULL_CONVERSION = YES;
				CLANG_WARN_OBJC_LITERAL_CONVERSION = YES;
				CLANG_WARN_OBJC_ROOT_CLASS = YES_ERROR;
				CLANG_WARN_RANGE_LOOP_ANALYSIS = YES;
				CLANG_WARN_STRICT_PROTOTYPES = YES;
				CLANG_WARN_SUSPICIOUS_MOVE = YES;
				CLANG_WARN_UNGUARDED_AVAILABILITY = YES_AGGRESSIVE;
				CLANG_WARN_UNREACHABLE_CODE = YES;
				CLANG_WARN__DUPLICATE_METHOD_MATCH = YES;
				CODE_SIGN_IDENTITY = "iPhone Developer";
				COPY_PHASE_STRIP = NO;
				DEBUG_INFORMATION_FORMAT = dwarf;
				ENABLE_STRICT_OBJC_MSGSEND = YES;
				ENABLE_TESTABILITY = YES;
				GCC_C_LANGUAGE_STANDARD = gnu11;
				GCC_DYNAMIC_NO_PIC = NO;
				GCC_NO_COMMON_BLOCKS = YES;
				GCC_OPTIMIZATION_LEVEL = 0;
				GCC_PREPROCESSOR_DEFINITIONS = (
					"DEBUG=1",
					"$(inherited)",
				);
				GCC_WARN_64_TO_32_BIT_CONVERSION = YES;
				GCC_WARN_ABOUT_RETURN_TYPE = YES_ERROR;
				GCC_WARN_UNDECLARED_SELECTOR = YES;
				GCC_WARN_UNINITIALIZED_AUTOS = YES_AGGRESSIVE;
				GCC_WARN_UNUSED_FUNCTION = YES;
				GCC_WARN_UNUSED_VARIABLE = YES;
				IPHONEOS_DEPLOYMENT_TARGET = 11.2;
				MTL_ENABLE_DEBUG_INFO = YES;
				ONLY_ACTIVE_ARCH = YES;
				SDKROOT = iphoneos;
			};
			name = Debug;
		};
		049374F8204ECA0700735190 /* Release */ = {
			isa = XCBuildConfiguration;
			buildSettings = {
				ALWAYS_SEARCH_USER_PATHS = NO;
				CLANG_ANALYZER_NONNULL = YES;
				CLANG_ANALYZER_NUMBER_OBJECT_CONVERSION = YES_AGGRESSIVE;
				CLANG_CXX_LANGUAGE_STANDARD = "gnu++14";
				CLANG_CXX_LIBRARY = "libc++";
				CLANG_ENABLE_MODULES = YES;
				CLANG_ENABLE_OBJC_ARC = YES;
				CLANG_WARN_BLOCK_CAPTURE_AUTORELEASING = YES;
				CLANG_WARN_BOOL_CONVERSION = YES;
				CLANG_WARN_COMMA = YES;
				CLANG_WARN_CONSTANT_CONVERSION = YES;
				CLANG_WARN_DIRECT_OBJC_ISA_USAGE = YES_ERROR;
				CLANG_WARN_DOCUMENTATION_COMMENTS = YES;
				CLANG_WARN_EMPTY_BODY = YES;
				CLANG_WARN_ENUM_CONVERSION = YES;
				CLANG_WARN_INFINITE_RECURSION = YES;
				CLANG_WARN_INT_CONVERSION = YES;
				CLANG_WARN_NON_LITERAL_NULL_CONVERSION = YES;
				CLANG_WARN_OBJC_LITERAL_CONVERSION = YES;
				CLANG_WARN_OBJC_ROOT_CLASS = YES_ERROR;
				CLANG_WARN_RANGE_LOOP_ANALYSIS = YES;
				CLANG_WARN_STRICT_PROTOTYPES = YES;
				CLANG_WARN_SUSPICIOUS_MOVE = YES;
				CLANG_WARN_UNGUARDED_AVAILABILITY = YES_AGGRESSIVE;
				CLANG_WARN_UNREACHABLE_CODE = YES;
				CLANG_WARN__DUPLICATE_METHOD_MATCH = YES;
				CODE_SIGN_IDENTITY = "iPhone Developer";
				COPY_PHASE_STRIP = NO;
				DEBUG_INFORMATION_FORMAT = "dwarf-with-dsym";
				ENABLE_NS_ASSERTIONS = NO;
				ENABLE_STRICT_OBJC_MSGSEND = YES;
				GCC_C_LANGUAGE_STANDARD = gnu11;
				GCC_NO_COMMON_BLOCKS = YES;
				GCC_WARN_64_TO_32_BIT_CONVERSION = YES;
				GCC_WARN_ABOUT_RETURN_TYPE = YES_ERROR;
				GCC_WARN_UNDECLARED_SELECTOR = YES;
				GCC_WARN_UNINITIALIZED_AUTOS = YES_AGGRESSIVE;
				GCC_WARN_UNUSED_FUNCTION = YES;
				GCC_WARN_UNUSED_VARIABLE = YES;
				IPHONEOS_DEPLOYMENT_TARGET = 11.2;
				MTL_ENABLE_DEBUG_INFO = NO;
				SDKROOT = iphoneos;
				VALIDATE_PRODUCT = YES;
			};
			name = Release;
		};
		049374FA204ECA0700735190 /* Debug */ = {
			isa = XCBuildConfiguration;
			buildSettings = {
				ASSETCATALOG_COMPILER_APPICON_NAME = AppIcon;
				CODE_SIGN_STYLE = Automatic;
				DEVELOPMENT_TEAM = 7A5K69VZRP;
				INFOPLIST_FILE = "NowUI-IOS/Info.plist";
				LD_RUNPATH_SEARCH_PATHS = "$(inherited) @executable_path/Frameworks";
				PRODUCT_BUNDLE_IDENTIFIER = "NowUI.NowUI-IOS";
				PRODUCT_NAME = "$(TARGET_NAME)";
				TARGETED_DEVICE_FAMILY = "1,2";
			};
			name = Debug;
		};
		049374FB204ECA0700735190 /* Release */ = {
			isa = XCBuildConfiguration;
			buildSettings = {
				ASSETCATALOG_COMPILER_APPICON_NAME = AppIcon;
				CODE_SIGN_STYLE = Automatic;
				DEVELOPMENT_TEAM = 7A5K69VZRP;
				INFOPLIST_FILE = "NowUI-IOS/Info.plist";
				LD_RUNPATH_SEARCH_PATHS = "$(inherited) @executable_path/Frameworks";
				PRODUCT_BUNDLE_IDENTIFIER = "NowUI.NowUI-IOS";
				PRODUCT_NAME = "$(TARGET_NAME)";
				TARGETED_DEVICE_FAMILY = "1,2";
			};
			name = Release;
		};
/* End XCBuildConfiguration section */

/* Begin XCConfigurationList section */
		049374DE204ECA0600735190 /* Build configuration list for PBXProject "NowUI-IOS" */ = {
			isa = XCConfigurationList;
			buildConfigurations = (
				049374F7204ECA0700735190 /* Debug */,
				049374F8204ECA0700735190 /* Release */,
			);
			defaultConfigurationIsVisible = 0;
			defaultConfigurationName = Release;
		};
		049374F9204ECA0700735190 /* Build configuration list for PBXNativeTarget "NowUI-IOS" */ = {
			isa = XCConfigurationList;
			buildConfigurations = (
				049374FA204ECA0700735190 /* Debug */,
				049374FB204ECA0700735190 /* Release */,
			);
			defaultConfigurationIsVisible = 0;
			defaultConfigurationName = Release;
		};
/* End XCConfigurationList section */
	};
	rootObject = 049374DB204ECA0600735190 /* Project object */;
}
